make_review_table:
  cmd: python src/data/make_review_table.py data/raw/irecommend.csv data/raw/vinofan.csv
    data/raw/test.txt data/interim/review.csv
  deps:
  - path: data/raw/irecommend.csv
    md5: fa44a5502f7458a456a082450eeece7b
  - path: data/raw/test.txt
    md5: 7d511b019cddd7f834db43494bf1cd06
  - path: data/raw/vinofan.csv
    md5: fab0c50db717b29b163a2c94e1df6aca
  - path: src/data/make_review_table.py
    md5: 70004f1d4b0b54aced060b2b04fc83f1
  outs:
  - path: data/interim/review.csv
    md5: aa0523178dd4c8cb1c94671a8b3ff1a8
make_adjacency_matrix:
  cmd: python src/features/make_adjacency_matrix.py data/interim/review.csv data/processed/adjacency_matrix.csv
  deps:
  - path: data/interim/review.csv
    md5: aa0523178dd4c8cb1c94671a8b3ff1a8
  - path: src/features/make_adjacency_matrix.py
    md5: 973cd4245c0210529b5ea21bc6bd26e6
  outs:
  - path: data/processed/adjacency_matrix.csv
    md5: e0dbdccd9d757fdb92e083b91a7672f7
make_filtered_adjacency_matrix:
  cmd: python src/features/make_filtered_adjacency_matrix.py data/processed/adjacency_matrix.csv
    data/processed/filtered_adjacency_matrix.csv
  deps:
  - path: data/processed/adjacency_matrix.csv
    md5: e0dbdccd9d757fdb92e083b91a7672f7
  - path: src/features/make_filtered_adjacency_matrix.py
    md5: d5a56f34b388f1faacae6f2f7a9f1daf
  outs:
  - path: data/processed/filtered_adjacency_matrix.csv
    md5: 5435be1d6e4e474ab8205064a4ce5bbf
